// !$*UTF8*$!
{
	archiveVersion = 1;
	classes = {
	};
	objectVersion = 46;
	objects = {

/* Begin PBXBuildFile section */
		84AF92C71CC88CCB00FB8B82 /* AppDelegate.swift in Sources */ = {isa = PBXBuildFile; fileRef = 84AF92C61CC88CCB00FB8B82 /* AppDelegate.swift */; };
		84AF92C91CC88CCB00FB8B82 /* ViewController.swift in Sources */ = {isa = PBXBuildFile; fileRef = 84AF92C81CC88CCB00FB8B82 /* ViewController.swift */; };
		84AF92CC1CC88CCB00FB8B82 /* Main.storyboard in Resources */ = {isa = PBXBuildFile; fileRef = 84AF92CA1CC88CCB00FB8B82 /* Main.storyboard */; };
		84AF92CE1CC88CCB00FB8B82 /* Assets.xcassets in Resources */ = {isa = PBXBuildFile; fileRef = 84AF92CD1CC88CCB00FB8B82 /* Assets.xcassets */; };
		84AF92D11CC88CCB00FB8B82 /* LaunchScreen.storyboard in Resources */ = {isa = PBXBuildFile; fileRef = 84AF92CF1CC88CCB00FB8B82 /* LaunchScreen.storyboard */; };
		84AF92D91CCE817200FB8B82 /* Minecraft.ttf in Resources */ = {isa = PBXBuildFile; fileRef = 84AF92D81CCE817200FB8B82 /* Minecraft.ttf */; };
		84AF92DB1CCEB89700FB8B82 /* btn.wav in Resources */ = {isa = PBXBuildFile; fileRef = 84AF92DA1CCEB89700FB8B82 /* btn.wav */; };
/* End PBXBuildFile section */

/* Begin PBXFileReference section */
		84AF92C31CC88CCB00FB8B82 /* retro-calculator.app */ = {isa = PBXFileReference; explicitFileType = wrapper.application; includeInIndex = 0; path = "retro-calculator.app"; sourceTree = BUILT_PRODUCTS_DIR; };
		84AF92C61CC88CCB00FB8B82 /* AppDelegate.swift */ = {isa = PBXFileReference; lastKnownFileType = sourcecode.swift; path = AppDelegate.swift; sourceTree = "<group>"; };
		84AF92C81CC88CCB00FB8B82 /* ViewController.swift */ = {isa = PBXFileReference; lastKnownFileType = sourcecode.swift; path = ViewController.swift; sourceTree = "<group>"; };
		84AF92CB1CC88CCB00FB8B82 /* Base */ = {isa = PBXFileReference; lastKnownFileType = file.storyboard; name = Base; path = Base.lproj/Main.storyboard; sourceTree = "<group>"; };
		84AF92CD1CC88CCB00FB8B82 /* Assets.xcassets */ = {isa = PBXFileReference; lastKnownFileType = folder.assetcatalog; path = Assets.xcassets; sourceTree = "<group>"; };
		84AF92D01CC88CCB00FB8B82 /* Base */ = {isa = PBXFileReference; lastKnownFileType = file.storyboard; name = Base; path = Base.lproj/LaunchScreen.storyboard; sourceTree = "<group>"; };
		84AF92D21CC88CCB00FB8B82 /* Info.plist */ = {isa = PBXFileReference; lastKnownFileType = text.plist.xml; path = Info.plist; sourceTree = "<group>"; };
		84AF92D81CCE817200FB8B82 /* Minecraft.ttf */ = {isa = PBXFileReference; lastKnownFileType = file; path = Minecraft.ttf; sourceTree = "<group>"; };
		84AF92DA1CCEB89700FB8B82 /* btn.wav */ = {isa = PBXFileReference; lastKnownFileType = audio.wav; path = btn.wav; sourceTree = "<group>"; };
/* End PBXFileReference section */

/* Begin PBXFrameworksBuildPhase section */
		84AF92C01CC88CCB00FB8B82 /* Frameworks */ = {
			isa = PBXFrameworksBuildPhase;
			buildActionMask = 2147483647;
			files = (
			);
			runOnlyForDeploymentPostprocessing = 0;
		};
/* End PBXFrameworksBuildPhase section */

/* Begin PBXGroup section */
		84AF92BA1CC88CCB00FB8B82 = {
			isa = PBXGroup;
			children = (
				84AF92C51CC88CCB00FB8B82 /* retro-calculator */,
				84AF92C41CC88CCB00FB8B82 /* Products */,
			);
			sourceTree = "<group>";
		};
		84AF92C41CC88CCB00FB8B82 /* Products */ = {
			isa = PBXGroup;
			children = (
				84AF92C31CC88CCB00FB8B82 /* retro-calculator.app */,
			);
			name = Products;
			sourceTree = "<group>";
		};
		84AF92C51CC88CCB00FB8B82 /* retro-calculator */ = {
			isa = PBXGroup;
			children = (
				84AF92C61CC88CCB00FB8B82 /* AppDelegate.swift */,
				84AF92C81CC88CCB00FB8B82 /* ViewController.swift */,
				84AF92CA1CC88CCB00FB8B82 /* Main.storyboard */,
				84AF92CD1CC88CCB00FB8B82 /* Assets.xcassets */,
				84AF92D81CCE817200FB8B82 /* Minecraft.ttf */,
				84AF92DA1CCEB89700FB8B82 /* btn.wav */,
				84AF92CF1CC88CCB00FB8B82 /* LaunchScreen.storyboard */,
				84AF92D21CC88CCB00FB8B82 /* Info.plist */,
			);
			path = "retro-calculator";
			sourceTree = "<group>";
		};
/* End PBXGroup section */

/* Begin PBXNativeTarget section */
		84AF92C21CC88CCB00FB8B82 /* retro-calculator */ = {
			isa = PBXNativeTarget;
			buildConfigurationList = 84AF92D51CC88CCB00FB8B82 /* Build configuration list for PBXNativeTarget "retro-calculator" */;
			buildPhases = (
				84AF92BF1CC88CCB00FB8B82 /* Sources */,
				84AF92C01CC88CCB00FB8B82 /* Frameworks */,
				84AF92C11CC88CCB00FB8B82 /* Resources */,
			);
			buildRules = (
			);
			dependencies = (
			);
			name = "retro-calculator";
			productName = "retro-calculator";
			productReference = 84AF92C31CC88CCB00FB8B82 /* retro-calculator.app */;
			productType = "com.apple.product-type.application";
		};
/* End PBXNativeTarget section */

/* Begin PBXProject section */
		84AF92BB1CC88CCB00FB8B82 /* Project object */ = {
			isa = PBXProject;
			attributes = {
				LastSwiftUpdateCheck = 0730;
				LastUpgradeCheck = 0730;
				ORGANIZATIONNAME = bentalarico;
				TargetAttributes = {
					84AF92C21CC88CCB00FB8B82 = {
						CreatedOnToolsVersion = 7.3;
					};
				};
			};
			buildConfigurationList = 84AF92BE1CC88CCB00FB8B82 /* Build configuration list for PBXProject "retro-calculator" */;
			compatibilityVersion = "Xcode 3.2";
			developmentRegion = English;
			hasScannedForEncodings = 0;
			knownRegions = (
				en,
				Base,
			);
			mainGroup = 84AF92BA1CC88CCB00FB8B82;
			productRefGroup = 84AF92C41CC88CCB00FB8B82 /* Products */;
			projectDirPath = "";
			projectRoot = "";
			targets = (
				84AF92C21CC88CCB00FB8B82 /* retro-calculator */,
			);
		};
/* End PBXProject section */

/* Begin PBXResourcesBuildPhase section */
		84AF92C11CC88CCB00FB8B82 /* Resources */ = {
			isa = PBXResourcesBuildPhase;
			buildActionMask = 2147483647;
			files = (
				84AF92DB1CCEB89700FB8B82 /* btn.wav in Resources */,
				84AF92D11CC88CCB00FB8B82 /* LaunchScreen.storyboard in Resources */,
				84AF92CE1CC88CCB00FB8B82 /* Assets.xcassets in Resources */,
				84AF92D91CCE817200FB8B82 /* Minecraft.ttf in Resources */,
				84AF92CC1CC88CCB00FB8B82 /* Main.storyboard in Resources */,
			);
			runOnlyForDeploymentPostprocessing = 0;
		};
/* End PBXResourcesBuildPhase section */

/* Begin PBXSourcesBuildPhase section */
		84AF92BF1CC88CCB00FB8B82 /* Sources */ = {
			isa = PBXSourcesBuildPhase;
			buildActionMask = 2147483647;
			files = (
				84AF92C91CC88CCB00FB8B82 /* ViewController.swift in Sources */,
				84AF92C71CC88CCB00FB8B82 /* AppDelegate.swift in Sources */,
			);
			runOnlyForDeploymentPostprocessing = 0;
		};
/* End PBXSourcesBuildPhase section */

/* Begin PBXVariantGroup section */
		84AF92CA1CC88CCB00FB8B82 /* Main.storyboard */ = {
			isa = PBXVariantGroup;
			children = (
				84AF92CB1CC88CCB00FB8B82 /* Base */,
			);
			name = Main.storyboard;
			sourceTree = "<group>";
		};
		84AF92CF1CC88CCB00FB8B82 /* LaunchScreen.storyboard */ = {
			isa = PBXVariantGroup;
			children = (
				84AF92D01CC88CCB00FB8B82 /* Base */,
			);
			name = LaunchScreen.storyboard;
			sourceTree = "<group>";
		};
/* End PBXVariantGroup section */

/* Begin XCBuildConfiguration section */
		84AF92D31CC88CCB00FB8B82 /* Debug */ = {
			isa = XCBuildConfiguration;
			buildSettings = {
				ALWAYS_SEARCH_USER_PATHS = NO;
				CLANG_ANALYZER_NONNULL = YES;
				CLANG_CXX_LANGUAGE_STANDARD = "gnu++0x";
				CLANG_CXX_LIBRARY = "libc++";
				CLANG_ENABLE_MODULES = YES;
				CLANG_ENABLE_OBJC_ARC = YES;
				CLANG_WARN_BOOL_CONVERSION = YES;
				CLANG_WARN_CONSTANT_CONVERSION = YES;
				CLANG_WARN_DIRECT_OBJC_ISA_USAGE = YES_ERROR;
				CLANG_WARN_EMPTY_BODY = YES;
				CLANG_WARN_ENUM_CONVERSION = YES;
				CLANG_WARN_INT_CONVERSION = YES;
				CLANG_WARN_OBJC_ROOT_CLASS = YES_ERROR;
				CLANG_WARN_UNREACHABLE_CODE = YES;
				CLANG_WARN__DUPLICATE_METHOD_MATCH = YES;
				"CODE_SIGN_IDENTITY[sdk=iphoneos*]" = "iPhone Developer";
				COPY_PHASE_STRIP = NO;
				DEBUG_INFORMATION_FORMAT = dwarf;
				ENABLE_STRICT_OBJC_MSGSEND = YES;
				ENABLE_TESTABILITY = YES;
				GCC_C_LANGUAGE_STANDARD = gnu99;
				GCC_DYNAMIC_NO_PIC = NO;
				GCC_NO_COMMON_BLOCKS = YES;
				GCC_OPTIMIZATION_LEVEL = 0;
				GCC_PREPROCESSOR_DEFINITIONS = (
					"DEBUG=1",
					"$(inherited)",
				);
				GCC_WARN_64_TO_32_BIT_CONVERSION = YES;
				GCC_WARN_ABOUT_RETURN_TYPE = YES_ERROR;
				GCC_WARN_UNDECLARED_SELECTOR = YES;
				GCC_WARN_UNINITIALIZED_AUTOS = YES_AGGRESSIVE;
				GCC_WARN_UNUSED_FUNCTION = YES;
				GCC_WARN_UNUSED_VARIABLE = YES;
				IPHONEOS_DEPLOYMENT_TARGET = 9.3;
				MTL_ENABLE_DEBUG_INFO = YES;
				ONLY_ACTIVE_ARCH = YES;
				SDKROOT = iphoneos;
				SWIFT_OPTIMIZATION_LEVEL = "-Onone";
			};
			name = Debug;
		};
		84AF92D41CC88CCB00FB8B82 /* Release */ = {
			isa = XCBuildConfiguration;
			buildSettings = {
				ALWAYS_SEARCH_USER_PATHS = NO;
				CLANG_ANALYZER_NONNULL = YES;
				CLANG_CXX_LANGUAGE_STANDARD = "gnu++0x";
				CLANG_CXX_LIBRARY = "libc++";
				CLANG_ENABLE_MODULES = YES;
				CLANG_ENABLE_OBJC_ARC = YES;
				CLANG_WARN_BOOL_CONVERSION = YES;
				CLANG_WARN_CONSTANT_CONVERSION = YES;
				CLANG_WARN_DIRECT_OBJC_ISA_USAGE = YES_ERROR;
				CLANG_WARN_EMPTY_BODY = YES;
				CLANG_WARN_ENUM_CONVERSION = YES;
				CLANG_WARN_INT_CONVERSION = YES;
				CLANG_WARN_OBJC_ROOT_CLASS = YES_ERROR;
				CLANG_WARN_UNREACHABLE_CODE = YES;
				CLANG_WARN__DUPLICATE_METHOD_MATCH = YES;
				"CODE_SIGN_IDENTITY[sdk=iphoneos*]" = "iPhone Developer";
				COPY_PHASE_STRIP = NO;
				DEBUG_INFORMATION_FORMAT = "dwarf-with-dsym";
				ENABLE_NS_ASSERTIONS = NO;
				ENABLE_STRICT_OBJC_MSGSEND = YES;
				GCC_C_LANGUAGE_STANDARD = gnu99;
				GCC_NO_COMMON_BLOCKS = YES;
				GCC_WARN_64_TO_32_BIT_CONVERSION = YES;
				GCC_WARN_ABOUT_RETURN_TYPE = YES_ERROR;
				GCC_WARN_UNDECLARED_SELECTOR = YES;
				GCC_WARN_UNINITIALIZED_AUTOS = YES_AGGRESSIVE;
				GCC_WARN_UNUSED_FUNCTION = YES;
				GCC_WARN_UNUSED_VARIABLE = YES;
				IPHONEOS_DEPLOYMENT_TARGET = 9.3;
				MTL_ENABLE_DEBUG_INFO = NO;
				SDKROOT = iphoneos;
				VALIDATE_PRODUCT = YES;
			};
			name = Release;
		};
		84AF92D61CC88CCB00FB8B82 /* Debug */ = {
			isa = XCBuildConfiguration;
			buildSettings = {
				ASSETCATALOG_COMPILER_APPICON_NAME = AppIcon;
				INFOPLIST_FILE = "retro-calculator/Info.plist";
				LD_RUNPATH_SEARCH_PATHS = "$(inherited) @executable_path/Frameworks";
				PRODUCT_BUNDLE_IDENTIFIER = "com.bentalarico.retro-calculator";
				PRODUCT_NAME = "$(TARGET_NAME)";
			};
			name = Debug;
		};
		84AF92D71CC88CCB00FB8B82 /* Release */ = {
			isa = XCBuildConfiguration;
			buildSettings = {
				ASSETCATALOG_COMPILER_APPICON_NAME = AppIcon;
				INFOPLIST_FILE = "retro-calculator/Info.plist";
				LD_RUNPATH_SEARCH_PATHS = "$(inherited) @executable_path/Frameworks";
				PRODUCT_BUNDLE_IDENTIFIER = "com.bentalarico.retro-calculator";
				PRODUCT_NAME = "$(TARGET_NAME)";
			};
			name = Release;
		};
/* End XCBuildConfiguration section */

/* Begin XCConfigurationList section */
		84AF92BE1CC88CCB00FB8B82 /* Build configuration list for PBXProject "retro-calculator" */ = {
			isa = XCConfigurationList;
			buildConfigurations = (
				84AF92D31CC88CCB00FB8B82 /* Debug */,
				84AF92D41CC88CCB00FB8B82 /* Release */,
			);
			defaultConfigurationIsVisible = 0;
			defaultConfigurationName = Release;
		};
		84AF92D51CC88CCB00FB8B82 /* Build configuration list for PBXNativeTarget "retro-calculator" */ = {
			isa = XCConfigurationList;
			buildConfigurations = (
				84AF92D61CC88CCB00FB8B82 /* Debug */,
				84AF92D71CC88CCB00FB8B82 /* Release */,
			);
			defaultConfigurationIsVisible = 0;
			defaultConfigurationName = Release;
		};
/* End XCConfigurationList section */
	};
	rootObject = 84AF92BB1CC88CCB00FB8B82 /* Project object */;
}
