// !$*UTF8*$!
{
	archiveVersion = 1;
	classes = {
	};
	objectVersion = 46;
	objects = {

/* Begin PBXBuildFile section */
		84D785041BECFB6F0067A25D /* AppDelegate.swift in Sources */ = {isa = PBXBuildFile; fileRef = 84D785031BECFB6F0067A25D /* AppDelegate.swift */; };
		84D785061BECFB6F0067A25D /* ViewController.swift in Sources */ = {isa = PBXBuildFile; fileRef = 84D785051BECFB6F0067A25D /* ViewController.swift */; };
		84D785091BECFB6F0067A25D /* Main.storyboard in Resources */ = {isa = PBXBuildFile; fileRef = 84D785071BECFB6F0067A25D /* Main.storyboard */; };
		84D7850B1BECFB6F0067A25D /* Assets.xcassets in Resources */ = {isa = PBXBuildFile; fileRef = 84D7850A1BECFB6F0067A25D /* Assets.xcassets */; };
		84D7850E1BECFB6F0067A25D /* LaunchScreen.storyboard in Resources */ = {isa = PBXBuildFile; fileRef = 84D7850C1BECFB6F0067A25D /* LaunchScreen.storyboard */; };
		84D785191BECFB6F0067A25D /* calulatorTests.swift in Sources */ = {isa = PBXBuildFile; fileRef = 84D785181BECFB6F0067A25D /* calulatorTests.swift */; };
		84D785241BECFB6F0067A25D /* calulatorUITests.swift in Sources */ = {isa = PBXBuildFile; fileRef = 84D785231BECFB6F0067A25D /* calulatorUITests.swift */; };
/* End PBXBuildFile section */

/* Begin PBXContainerItemProxy section */
		84D785151BECFB6F0067A25D /* PBXContainerItemProxy */ = {
			isa = PBXContainerItemProxy;
			containerPortal = 84D784F81BECFB6F0067A25D /* Project object */;
			proxyType = 1;
			remoteGlobalIDString = 84D784FF1BECFB6F0067A25D;
			remoteInfo = calulator;
		};
		84D785201BECFB6F0067A25D /* PBXContainerItemProxy */ = {
			isa = PBXContainerItemProxy;
			containerPortal = 84D784F81BECFB6F0067A25D /* Project object */;
			proxyType = 1;
			remoteGlobalIDString = 84D784FF1BECFB6F0067A25D;
			remoteInfo = calulator;
		};
/* End PBXContainerItemProxy section */

/* Begin PBXFileReference section */
		84D785001BECFB6F0067A25D /* calulator.app */ = {isa = PBXFileReference; explicitFileType = wrapper.application; includeInIndex = 0; path = calulator.app; sourceTree = BUILT_PRODUCTS_DIR; };
		84D785031BECFB6F0067A25D /* AppDelegate.swift */ = {isa = PBXFileReference; lastKnownFileType = sourcecode.swift; name = AppDelegate.swift; path = calulator/AppDelegate.swift; sourceTree = "<group>"; };
		84D785051BECFB6F0067A25D /* ViewController.swift */ = {isa = PBXFileReference; lastKnownFileType = sourcecode.swift; path = ViewController.swift; sourceTree = "<group>"; };
		84D785081BECFB6F0067A25D /* Base */ = {isa = PBXFileReference; lastKnownFileType = file.storyboard; name = Base; path = Base.lproj/Main.storyboard; sourceTree = "<group>"; };
		84D7850A1BECFB6F0067A25D /* Assets.xcassets */ = {isa = PBXFileReference; lastKnownFileType = folder.assetcatalog; name = Assets.xcassets; path = calulator/Assets.xcassets; sourceTree = "<group>"; };
		84D7850D1BECFB6F0067A25D /* Base */ = {isa = PBXFileReference; lastKnownFileType = file.storyboard; name = Base; path = Base.lproj/LaunchScreen.storyboard; sourceTree = "<group>"; };
		84D7850F1BECFB6F0067A25D /* Info.plist */ = {isa = PBXFileReference; lastKnownFileType = text.plist.xml; name = Info.plist; path = calulator/Info.plist; sourceTree = "<group>"; };
		84D785141BECFB6F0067A25D /* calulatorTests.xctest */ = {isa = PBXFileReference; explicitFileType = wrapper.cfbundle; includeInIndex = 0; path = calulatorTests.xctest; sourceTree = BUILT_PRODUCTS_DIR; };
		84D785181BECFB6F0067A25D /* calulatorTests.swift */ = {isa = PBXFileReference; lastKnownFileType = sourcecode.swift; path = calulatorTests.swift; sourceTree = "<group>"; };
		84D7851A1BECFB6F0067A25D /* Info.plist */ = {isa = PBXFileReference; lastKnownFileType = text.plist.xml; path = Info.plist; sourceTree = "<group>"; };
		84D7851F1BECFB6F0067A25D /* calulatorUITests.xctest */ = {isa = PBXFileReference; explicitFileType = wrapper.cfbundle; includeInIndex = 0; path = calulatorUITests.xctest; sourceTree = BUILT_PRODUCTS_DIR; };
		84D785231BECFB6F0067A25D /* calulatorUITests.swift */ = {isa = PBXFileReference; lastKnownFileType = sourcecode.swift; path = calulatorUITests.swift; sourceTree = "<group>"; };
		84D785251BECFB6F0067A25D /* Info.plist */ = {isa = PBXFileReference; lastKnownFileType = text.plist.xml; path = Info.plist; sourceTree = "<group>"; };
/* End PBXFileReference section */

/* Begin PBXFrameworksBuildPhase section */
		84D784FD1BECFB6F0067A25D /* Frameworks */ = {
			isa = PBXFrameworksBuildPhase;
			buildActionMask = 2147483647;
			files = (
			);
			runOnlyForDeploymentPostprocessing = 0;
		};
		84D785111BECFB6F0067A25D /* Frameworks */ = {
			isa = PBXFrameworksBuildPhase;
			buildActionMask = 2147483647;
			files = (
			);
			runOnlyForDeploymentPostprocessing = 0;
		};
		84D7851C1BECFB6F0067A25D /* Frameworks */ = {
			isa = PBXFrameworksBuildPhase;
			buildActionMask = 2147483647;
			files = (
			);
			runOnlyForDeploymentPostprocessing = 0;
		};
/* End PBXFrameworksBuildPhase section */

/* Begin PBXGroup section */
		84D784F71BECFB6F0067A25D = {
			isa = PBXGroup;
			children = (
				84D785021BECFB6F0067A25D /* calulator */,
				84D785171BECFB6F0067A25D /* calulatorTests */,
				84D785221BECFB6F0067A25D /* calulatorUITests */,
				84D785011BECFB6F0067A25D /* Products */,
			);
			sourceTree = "<group>";
		};
		84D785011BECFB6F0067A25D /* Products */ = {
			isa = PBXGroup;
			children = (
				84D785001BECFB6F0067A25D /* calulator.app */,
				84D785141BECFB6F0067A25D /* calulatorTests.xctest */,
				84D7851F1BECFB6F0067A25D /* calulatorUITests.xctest */,
			);
			name = Products;
			sourceTree = "<group>";
		};
		84D785021BECFB6F0067A25D /* calulator */ = {
			isa = PBXGroup;
			children = (
				84D785051BECFB6F0067A25D /* ViewController.swift */,
				84D785071BECFB6F0067A25D /* Main.storyboard */,
				84D785321BECFC070067A25D /* supporting Files */,
			);
			path = calulator;
			sourceTree = "<group>";
		};
		84D785171BECFB6F0067A25D /* calulatorTests */ = {
			isa = PBXGroup;
			children = (
				84D785181BECFB6F0067A25D /* calulatorTests.swift */,
				84D7851A1BECFB6F0067A25D /* Info.plist */,
			);
			path = calulatorTests;
			sourceTree = "<group>";
		};
		84D785221BECFB6F0067A25D /* calulatorUITests */ = {
			isa = PBXGroup;
			children = (
				84D785231BECFB6F0067A25D /* calulatorUITests.swift */,
				84D785251BECFB6F0067A25D /* Info.plist */,
			);
			path = calulatorUITests;
			sourceTree = "<group>";
		};
		84D785321BECFC070067A25D /* supporting Files */ = {
			isa = PBXGroup;
			children = (
				84D7850F1BECFB6F0067A25D /* Info.plist */,
				84D7850C1BECFB6F0067A25D /* LaunchScreen.storyboard */,
				84D785031BECFB6F0067A25D /* AppDelegate.swift */,
				84D7850A1BECFB6F0067A25D /* Assets.xcassets */,
			);
			name = "supporting Files";
			path = ..;
			sourceTree = "<group>";
		};
/* End PBXGroup section */

/* Begin PBXNativeTarget section */
		84D784FF1BECFB6F0067A25D /* calulator */ = {
			isa = PBXNativeTarget;
			buildConfigurationList = 84D785281BECFB6F0067A25D /* Build configuration list for PBXNativeTarget "calulator" */;
			buildPhases = (
				84D784FC1BECFB6F0067A25D /* Sources */,
				84D784FD1BECFB6F0067A25D /* Frameworks */,
				84D784FE1BECFB6F0067A25D /* Resources */,
			);
			buildRules = (
			);
			dependencies = (
			);
			name = calulator;
			productName = calulator;
			productReference = 84D785001BECFB6F0067A25D /* calulator.app */;
			productType = "com.apple.product-type.application";
		};
		84D785131BECFB6F0067A25D /* calulatorTests */ = {
			isa = PBXNativeTarget;
			buildConfigurationList = 84D7852B1BECFB6F0067A25D /* Build configuration list for PBXNativeTarget "calulatorTests" */;
			buildPhases = (
				84D785101BECFB6F0067A25D /* Sources */,
				84D785111BECFB6F0067A25D /* Frameworks */,
				84D785121BECFB6F0067A25D /* Resources */,
			);
			buildRules = (
			);
			dependencies = (
				84D785161BECFB6F0067A25D /* PBXTargetDependency */,
			);
			name = calulatorTests;
			productName = calulatorTests;
			productReference = 84D785141BECFB6F0067A25D /* calulatorTests.xctest */;
			productType = "com.apple.product-type.bundle.unit-test";
		};
		84D7851E1BECFB6F0067A25D /* calulatorUITests */ = {
			isa = PBXNativeTarget;
			buildConfigurationList = 84D7852E1BECFB6F0067A25D /* Build configuration list for PBXNativeTarget "calulatorUITests" */;
			buildPhases = (
				84D7851B1BECFB6F0067A25D /* Sources */,
				84D7851C1BECFB6F0067A25D /* Frameworks */,
				84D7851D1BECFB6F0067A25D /* Resources */,
			);
			buildRules = (
			);
			dependencies = (
				84D785211BECFB6F0067A25D /* PBXTargetDependency */,
			);
			name = calulatorUITests;
			productName = calulatorUITests;
			productReference = 84D7851F1BECFB6F0067A25D /* calulatorUITests.xctest */;
			productType = "com.apple.product-type.bundle.ui-testing";
		};
/* End PBXNativeTarget section */

/* Begin PBXProject section */
		84D784F81BECFB6F0067A25D /* Project object */ = {
			isa = PBXProject;
			attributes = {
				LastSwiftUpdateCheck = 0710;
				LastUpgradeCheck = 0710;
				ORGANIZATIONNAME = benji;
				TargetAttributes = {
					84D784FF1BECFB6F0067A25D = {
						CreatedOnToolsVersion = 7.1;
						DevelopmentTeam = 332K8E88CW;
					};
					84D785131BECFB6F0067A25D = {
						CreatedOnToolsVersion = 7.1;
						DevelopmentTeam = 332K8E88CW;
						TestTargetID = 84D784FF1BECFB6F0067A25D;
					};
					84D7851E1BECFB6F0067A25D = {
						CreatedOnToolsVersion = 7.1;
						DevelopmentTeam = 332K8E88CW;
						TestTargetID = 84D784FF1BECFB6F0067A25D;
					};
				};
			};
			buildConfigurationList = 84D784FB1BECFB6F0067A25D /* Build configuration list for PBXProject "calulator" */;
			compatibilityVersion = "Xcode 3.2";
			developmentRegion = English;
			hasScannedForEncodings = 0;
			knownRegions = (
				en,
				Base,
			);
			mainGroup = 84D784F71BECFB6F0067A25D;
			productRefGroup = 84D785011BECFB6F0067A25D /* Products */;
			projectDirPath = "";
			projectRoot = "";
			targets = (
				84D784FF1BECFB6F0067A25D /* calulator */,
				84D785131BECFB6F0067A25D /* calulatorTests */,
				84D7851E1BECFB6F0067A25D /* calulatorUITests */,
			);
		};
/* End PBXProject section */

/* Begin PBXResourcesBuildPhase section */
		84D784FE1BECFB6F0067A25D /* Resources */ = {
			isa = PBXResourcesBuildPhase;
			buildActionMask = 2147483647;
			files = (
				84D7850E1BECFB6F0067A25D /* LaunchScreen.storyboard in Resources */,
				84D7850B1BECFB6F0067A25D /* Assets.xcassets in Resources */,
				84D785091BECFB6F0067A25D /* Main.storyboard in Resources */,
			);
			runOnlyForDeploymentPostprocessing = 0;
		};
		84D785121BECFB6F0067A25D /* Resources */ = {
			isa = PBXResourcesBuildPhase;
			buildActionMask = 2147483647;
			files = (
			);
			runOnlyForDeploymentPostprocessing = 0;
		};
		84D7851D1BECFB6F0067A25D /* Resources */ = {
			isa = PBXResourcesBuildPhase;
			buildActionMask = 2147483647;
			files = (
			);
			runOnlyForDeploymentPostprocessing = 0;
		};
/* End PBXResourcesBuildPhase section */

/* Begin PBXSourcesBuildPhase section */
		84D784FC1BECFB6F0067A25D /* Sources */ = {
			isa = PBXSourcesBuildPhase;
			buildActionMask = 2147483647;
			files = (
				84D785061BECFB6F0067A25D /* ViewController.swift in Sources */,
				84D785041BECFB6F0067A25D /* AppDelegate.swift in Sources */,
			);
			runOnlyForDeploymentPostprocessing = 0;
		};
		84D785101BECFB6F0067A25D /* Sources */ = {
			isa = PBXSourcesBuildPhase;
			buildActionMask = 2147483647;
			files = (
				84D785191BECFB6F0067A25D /* calulatorTests.swift in Sources */,
			);
			runOnlyForDeploymentPostprocessing = 0;
		};
		84D7851B1BECFB6F0067A25D /* Sources */ = {
			isa = PBXSourcesBuildPhase;
			buildActionMask = 2147483647;
			files = (
				84D785241BECFB6F0067A25D /* calulatorUITests.swift in Sources */,
			);
			runOnlyForDeploymentPostprocessing = 0;
		};
/* End PBXSourcesBuildPhase section */

/* Begin PBXTargetDependency section */
		84D785161BECFB6F0067A25D /* PBXTargetDependency */ = {
			isa = PBXTargetDependency;
			target = 84D784FF1BECFB6F0067A25D /* calulator */;
			targetProxy = 84D785151BECFB6F0067A25D /* PBXContainerItemProxy */;
		};
		84D785211BECFB6F0067A25D /* PBXTargetDependency */ = {
			isa = PBXTargetDependency;
			target = 84D784FF1BECFB6F0067A25D /* calulator */;
			targetProxy = 84D785201BECFB6F0067A25D /* PBXContainerItemProxy */;
		};
/* End PBXTargetDependency section */

/* Begin PBXVariantGroup section */
		84D785071BECFB6F0067A25D /* Main.storyboard */ = {
			isa = PBXVariantGroup;
			children = (
				84D785081BECFB6F0067A25D /* Base */,
			);
			name = Main.storyboard;
			sourceTree = "<group>";
		};
		84D7850C1BECFB6F0067A25D /* LaunchScreen.storyboard */ = {
			isa = PBXVariantGroup;
			children = (
				84D7850D1BECFB6F0067A25D /* Base */,
			);
			name = LaunchScreen.storyboard;
			path = calulator;
			sourceTree = "<group>";
		};
/* End PBXVariantGroup section */

/* Begin XCBuildConfiguration section */
		84D785261BECFB6F0067A25D /* Debug */ = {
			isa = XCBuildConfiguration;
			buildSettings = {
				ALWAYS_SEARCH_USER_PATHS = NO;
				CLANG_CXX_LANGUAGE_STANDARD = "gnu++0x";
				CLANG_CXX_LIBRARY = "libc++";
				CLANG_ENABLE_MODULES = YES;
				CLANG_ENABLE_OBJC_ARC = YES;
				CLANG_WARN_BOOL_CONVERSION = YES;
				CLANG_WARN_CONSTANT_CONVERSION = YES;
				CLANG_WARN_DIRECT_OBJC_ISA_USAGE = YES_ERROR;
				CLANG_WARN_EMPTY_BODY = YES;
				CLANG_WARN_ENUM_CONVERSION = YES;
				CLANG_WARN_INT_CONVERSION = YES;
				CLANG_WARN_OBJC_ROOT_CLASS = YES_ERROR;
				CLANG_WARN_UNREACHABLE_CODE = YES;
				CLANG_WARN__DUPLICATE_METHOD_MATCH = YES;
				"CODE_SIGN_IDENTITY[sdk=iphoneos*]" = "iPhone Developer";
				COPY_PHASE_STRIP = NO;
				DEBUG_INFORMATION_FORMAT = dwarf;
				ENABLE_STRICT_OBJC_MSGSEND = YES;
				ENABLE_TESTABILITY = YES;
				GCC_C_LANGUAGE_STANDARD = gnu99;
				GCC_DYNAMIC_NO_PIC = NO;
				GCC_NO_COMMON_BLOCKS = YES;
				GCC_OPTIMIZATION_LEVEL = 0;
				GCC_PREPROCESSOR_DEFINITIONS = (
					"DEBUG=1",
					"$(inherited)",
				);
				GCC_WARN_64_TO_32_BIT_CONVERSION = YES;
				GCC_WARN_ABOUT_RETURN_TYPE = YES_ERROR;
				GCC_WARN_UNDECLARED_SELECTOR = YES;
				GCC_WARN_UNINITIALIZED_AUTOS = YES_AGGRESSIVE;
				GCC_WARN_UNUSED_FUNCTION = YES;
				GCC_WARN_UNUSED_VARIABLE = YES;
				IPHONEOS_DEPLOYMENT_TARGET = 9.1;
				MTL_ENABLE_DEBUG_INFO = YES;
				ONLY_ACTIVE_ARCH = YES;
				SDKROOT = iphoneos;
				SWIFT_OPTIMIZATION_LEVEL = "-Onone";
				TARGETED_DEVICE_FAMILY = "1,2";
			};
			name = Debug;
		};
		84D785271BECFB6F0067A25D /* Release */ = {
			isa = XCBuildConfiguration;
			buildSettings = {
				ALWAYS_SEARCH_USER_PATHS = NO;
				CLANG_CXX_LANGUAGE_STANDARD = "gnu++0x";
				CLANG_CXX_LIBRARY = "libc++";
				CLANG_ENABLE_MODULES = YES;
				CLANG_ENABLE_OBJC_ARC = YES;
				CLANG_WARN_BOOL_CONVERSION = YES;
				CLANG_WARN_CONSTANT_CONVERSION = YES;
				CLANG_WARN_DIRECT_OBJC_ISA_USAGE = YES_ERROR;
				CLANG_WARN_EMPTY_BODY = YES;
				CLANG_WARN_ENUM_CONVERSION = YES;
				CLANG_WARN_INT_CONVERSION = YES;
				CLANG_WARN_OBJC_ROOT_CLASS = YES_ERROR;
				CLANG_WARN_UNREACHABLE_CODE = YES;
				CLANG_WARN__DUPLICATE_METHOD_MATCH = YES;
				"CODE_SIGN_IDENTITY[sdk=iphoneos*]" = "iPhone Developer";
				COPY_PHASE_STRIP = NO;
				DEBUG_INFORMATION_FORMAT = "dwarf-with-dsym";
				ENABLE_NS_ASSERTIONS = NO;
				ENABLE_STRICT_OBJC_MSGSEND = YES;
				GCC_C_LANGUAGE_STANDARD = gnu99;
				GCC_NO_COMMON_BLOCKS = YES;
				GCC_WARN_64_TO_32_BIT_CONVERSION = YES;
				GCC_WARN_ABOUT_RETURN_TYPE = YES_ERROR;
				GCC_WARN_UNDECLARED_SELECTOR = YES;
				GCC_WARN_UNINITIALIZED_AUTOS = YES_AGGRESSIVE;
				GCC_WARN_UNUSED_FUNCTION = YES;
				GCC_WARN_UNUSED_VARIABLE = YES;
				IPHONEOS_DEPLOYMENT_TARGET = 9.1;
				MTL_ENABLE_DEBUG_INFO = NO;
				SDKROOT = iphoneos;
				TARGETED_DEVICE_FAMILY = "1,2";
				VALIDATE_PRODUCT = YES;
			};
			name = Release;
		};
		84D785291BECFB6F0067A25D /* Debug */ = {
			isa = XCBuildConfiguration;
			buildSettings = {
				ASSETCATALOG_COMPILER_APPICON_NAME = AppIcon;
				INFOPLIST_FILE = calulator/Info.plist;
				LD_RUNPATH_SEARCH_PATHS = "$(inherited) @executable_path/Frameworks";
				PRODUCT_BUNDLE_IDENTIFIER = com.benji.calulator;
				PRODUCT_NAME = "$(TARGET_NAME)";
			};
			name = Debug;
		};
		84D7852A1BECFB6F0067A25D /* Release */ = {
			isa = XCBuildConfiguration;
			buildSettings = {
				ASSETCATALOG_COMPILER_APPICON_NAME = AppIcon;
				INFOPLIST_FILE = calulator/Info.plist;
				LD_RUNPATH_SEARCH_PATHS = "$(inherited) @executable_path/Frameworks";
				PRODUCT_BUNDLE_IDENTIFIER = com.benji.calulator;
				PRODUCT_NAME = "$(TARGET_NAME)";
			};
			name = Release;
		};
		84D7852C1BECFB6F0067A25D /* Debug */ = {
			isa = XCBuildConfiguration;
			buildSettings = {
				BUNDLE_LOADER = "$(TEST_HOST)";
				INFOPLIST_FILE = calulatorTests/Info.plist;
				LD_RUNPATH_SEARCH_PATHS = "$(inherited) @executable_path/Frameworks @loader_path/Frameworks";
				PRODUCT_BUNDLE_IDENTIFIER = com.benji.calulatorTests;
				PRODUCT_NAME = "$(TARGET_NAME)";
				TEST_HOST = "$(BUILT_PRODUCTS_DIR)/calulator.app/calulator";
			};
			name = Debug;
		};
		84D7852D1BECFB6F0067A25D /* Release */ = {
			isa = XCBuildConfiguration;
			buildSettings = {
				BUNDLE_LOADER = "$(TEST_HOST)";
				INFOPLIST_FILE = calulatorTests/Info.plist;
				LD_RUNPATH_SEARCH_PATHS = "$(inherited) @executable_path/Frameworks @loader_path/Frameworks";
				PRODUCT_BUNDLE_IDENTIFIER = com.benji.calulatorTests;
				PRODUCT_NAME = "$(TARGET_NAME)";
				TEST_HOST = "$(BUILT_PRODUCTS_DIR)/calulator.app/calulator";
			};
			name = Release;
		};
		84D7852F1BECFB6F0067A25D /* Debug */ = {
			isa = XCBuildConfiguration;
			buildSettings = {
				INFOPLIST_FILE = calulatorUITests/Info.plist;
				LD_RUNPATH_SEARCH_PATHS = "$(inherited) @executable_path/Frameworks @loader_path/Frameworks";
				PRODUCT_BUNDLE_IDENTIFIER = com.benji.calulatorUITests;
				PRODUCT_NAME = "$(TARGET_NAME)";
				TEST_TARGET_NAME = calulator;
				USES_XCTRUNNER = YES;
			};
			name = Debug;
		};
		84D785301BECFB6F0067A25D /* Release */ = {
			isa = XCBuildConfiguration;
			buildSettings = {
				INFOPLIST_FILE = calulatorUITests/Info.plist;
				LD_RUNPATH_SEARCH_PATHS = "$(inherited) @executable_path/Frameworks @loader_path/Frameworks";
				PRODUCT_BUNDLE_IDENTIFIER = com.benji.calulatorUITests;
				PRODUCT_NAME = "$(TARGET_NAME)";
				TEST_TARGET_NAME = calulator;
				USES_XCTRUNNER = YES;
			};
			name = Release;
		};
/* End XCBuildConfiguration section */

/* Begin XCConfigurationList section */
		84D784FB1BECFB6F0067A25D /* Build configuration list for PBXProject "calulator" */ = {
			isa = XCConfigurationList;
			buildConfigurations = (
				84D785261BECFB6F0067A25D /* Debug */,
				84D785271BECFB6F0067A25D /* Release */,
			);
			defaultConfigurationIsVisible = 0;
			defaultConfigurationName = Release;
		};
		84D785281BECFB6F0067A25D /* Build configuration list for PBXNativeTarget "calulator" */ = {
			isa = XCConfigurationList;
			buildConfigurations = (
				84D785291BECFB6F0067A25D /* Debug */,
				84D7852A1BECFB6F0067A25D /* Release */,
			);
			defaultConfigurationIsVisible = 0;
		};
		84D7852B1BECFB6F0067A25D /* Build configuration list for PBXNativeTarget "calulatorTests" */ = {
			isa = XCConfigurationList;
			buildConfigurations = (
				84D7852C1BECFB6F0067A25D /* Debug */,
				84D7852D1BECFB6F0067A25D /* Release */,
			);
			defaultConfigurationIsVisible = 0;
		};
		84D7852E1BECFB6F0067A25D /* Build configuration list for PBXNativeTarget "calulatorUITests" */ = {
			isa = XCConfigurationList;
			buildConfigurations = (
				84D7852F1BECFB6F0067A25D /* Debug */,
				84D785301BECFB6F0067A25D /* Release */,
			);
			defaultConfigurationIsVisible = 0;
		};
/* End XCConfigurationList section */
	};
	rootObject = 84D784F81BECFB6F0067A25D /* Project object */;
}
